
Microsoft Visual Studio Solution File, Format Version 12.00
Project("{2150E333-8FDC-42A3-9474-1A3956D46DE8}") = "PL", "PL", "{1DDC0A31-4359-4752-99A8-4C959531112D}"
EndProject
Project("{2150E333-8FDC-42A3-9474-1A3956D46DE8}") = "DAL", "DAL", "{9BBA1F7A-8B68-48BB-B16A-222F7B56D8D4}"
EndProject
Project("{2150E333-8FDC-42A3-9474-1A3956D46DE8}") = "BLL", "BLL", "{894702FB-F95C-4E24-A692-072EF9D8E0AA}"
EndProject
Project("{2150E333-8FDC-42A3-9474-1A3956D46DE8}") = "Entities", "Entities", "{FF016B8E-1C8A-48AA-996D-445184529332}"
EndProject
Project("{FAE04EC0-301F-11D3-BF4B-00C04F79EFBC}") = "UsersAndAwardsEntities", "Entities\UsersAndAwardsEntities\UsersAndAwardsEntities.csproj", "{F67E45C3-F9D7-415C-8409-C4105F6BE043}"
EndProject
Project("{FAE04EC0-301F-11D3-BF4B-00C04F79EFBC}") = "UsersAndAwardsDAL", "DAL\UsersAndAwardsDAL\UsersAndAwardsDAL.csproj", "{2D50861C-32B1-4921-A752-5093A24F7ABE}"
EndProject
Project("{FAE04EC0-301F-11D3-BF4B-00C04F79EFBC}") = "UsersAndAwardsLogic", "BLL\UsersAndAwardsLogic\UsersAndAwardsLogic.csproj", "{B9D548CD-5E19-4C5A-AFFC-BDA97BB4D0F0}"
EndProject
Project("{FAE04EC0-301F-11D3-BF4B-00C04F79EFBC}") = "UsersAndAwardsConsoleUI", "PL\UsersAndAwardsConsoleUI\UsersAndAwardsConsoleUI.csproj", "{A0AA57C7-306F-400B-AC1B-42694C14F080}"
EndProject
Project("{FAE04EC0-301F-11D3-BF4B-00C04F79EFBC}") = "AbstractDal", "DAL\AbstractDal\AbstractDal.csproj", "{6DB8A590-AC6F-4542-8F26-637323C88822}"
EndProject
Project("{FAE04EC0-301F-11D3-BF4B-00C04F79EFBC}") = "Utils", "DAL\Utils\Utils.csproj", "{303473EE-7F89-46AB-9730-F3ED2122AC40}"
EndProject
Project("{FAE04EC0-301F-11D3-BF4B-00C04F79EFBC}") = "AbstractBll", "BLL\AbstractBll\AbstractBll.csproj", "{5236D996-EFF0-4DC5-8B26-303D32DE4379}"
EndProject
Global
	GlobalSection(SolutionConfigurationPlatforms) = preSolution
		Debug|Any CPU = Debug|Any CPU
		Release|Any CPU = Release|Any CPU
	EndGlobalSection
	GlobalSection(ProjectConfigurationPlatforms) = postSolution
		{F67E45C3-F9D7-415C-8409-C4105F6BE043}.Debug|Any CPU.ActiveCfg = Debug|Any CPU
		{F67E45C3-F9D7-415C-8409-C4105F6BE043}.Debug|Any CPU.Build.0 = Debug|Any CPU
		{F67E45C3-F9D7-415C-8409-C4105F6BE043}.Release|Any CPU.ActiveCfg = Release|Any CPU
		{F67E45C3-F9D7-415C-8409-C4105F6BE043}.Release|Any CPU.Build.0 = Release|Any CPU
		{2D50861C-32B1-4921-A752-5093A24F7ABE}.Debug|Any CPU.ActiveCfg = Debug|Any CPU
		{2D50861C-32B1-4921-A752-5093A24F7ABE}.Debug|Any CPU.Build.0 = Debug|Any CPU
		{2D50861C-32B1-4921-A752-5093A24F7ABE}.Release|Any CPU.ActiveCfg = Release|Any CPU
		{2D50861C-32B1-4921-A752-5093A24F7ABE}.Release|Any CPU.Build.0 = Release|Any CPU
		{B9D548CD-5E19-4C5A-AFFC-BDA97BB4D0F0}.Debug|Any CPU.ActiveCfg = Debug|Any CPU
		{B9D548CD-5E19-4C5A-AFFC-BDA97BB4D0F0}.Debug|Any CPU.Build.0 = Debug|Any CPU
		{B9D548CD-5E19-4C5A-AFFC-BDA97BB4D0F0}.Release|Any CPU.ActiveCfg = Release|Any CPU
		{B9D548CD-5E19-4C5A-AFFC-BDA97BB4D0F0}.Release|Any CPU.Build.0 = Release|Any CPU
		{A0AA57C7-306F-400B-AC1B-42694C14F080}.Debug|Any CPU.ActiveCfg = Debug|Any CPU
		{A0AA57C7-306F-400B-AC1B-42694C14F080}.Debug|Any CPU.Build.0 = Debug|Any CPU
		{A0AA57C7-306F-400B-AC1B-42694C14F080}.Release|Any CPU.ActiveCfg = Release|Any CPU
		{A0AA57C7-306F-400B-AC1B-42694C14F080}.Release|Any CPU.Build.0 = Release|Any CPU
		{6DB8A590-AC6F-4542-8F26-637323C88822}.Debug|Any CPU.ActiveCfg = Debug|Any CPU
		{6DB8A590-AC6F-4542-8F26-637323C88822}.Debug|Any CPU.Build.0 = Debug|Any CPU
		{6DB8A590-AC6F-4542-8F26-637323C88822}.Release|Any CPU.ActiveCfg = Release|Any CPU
		{6DB8A590-AC6F-4542-8F26-637323C88822}.Release|Any CPU.Build.0 = Release|Any CPU
		{303473EE-7F89-46AB-9730-F3ED2122AC40}.Debug|Any CPU.ActiveCfg = Debug|Any CPU
		{303473EE-7F89-46AB-9730-F3ED2122AC40}.Debug|Any CPU.Build.0 = Debug|Any CPU
		{303473EE-7F89-46AB-9730-F3ED2122AC40}.Release|Any CPU.ActiveCfg = Release|Any CPU
		{303473EE-7F89-46AB-9730-F3ED2122AC40}.Release|Any CPU.Build.0 = Release|Any CPU
		{5236D996-EFF0-4DC5-8B26-303D32DE4379}.Debug|Any CPU.ActiveCfg = Debug|Any CPU
		{5236D996-EFF0-4DC5-8B26-303D32DE4379}.Debug|Any CPU.Build.0 = Debug|Any CPU
		{5236D996-EFF0-4DC5-8B26-303D32DE4379}.Release|Any CPU.ActiveCfg = Release|Any CPU
		{5236D996-EFF0-4DC5-8B26-303D32DE4379}.Release|Any CPU.Build.0 = Release|Any CPU
	EndGlobalSection
	GlobalSection(NestedProjects) = preSolution
		{F67E45C3-F9D7-415C-8409-C4105F6BE043} = {FF016B8E-1C8A-48AA-996D-445184529332}
		{2D50861C-32B1-4921-A752-5093A24F7ABE} = {9BBA1F7A-8B68-48BB-B16A-222F7B56D8D4}
		{B9D548CD-5E19-4C5A-AFFC-BDA97BB4D0F0} = {894702FB-F95C-4E24-A692-072EF9D8E0AA}
		{A0AA57C7-306F-400B-AC1B-42694C14F080} = {1DDC0A31-4359-4752-99A8-4C959531112D}
		{6DB8A590-AC6F-4542-8F26-637323C88822} = {9BBA1F7A-8B68-48BB-B16A-222F7B56D8D4}
		{303473EE-7F89-46AB-9730-F3ED2122AC40} = {9BBA1F7A-8B68-48BB-B16A-222F7B56D8D4}
		{5236D996-EFF0-4DC5-8B26-303D32DE4379} = {894702FB-F95C-4E24-A692-072EF9D8E0AA}
	EndGlobalSection
EndGlobal
